
Microsoft Visual Studio Solution File, Format Version 12.00
# Visual Studio Version 17
VisualStudioVersion = 17.10.35013.160
MinimumVisualStudioVersion = 10.0.40219.1
Project("{9A19103F-16F7-4668-BE54-9A1E7A4F7556}") = "ParametricCurves", "ParametricCurves\ParametricCurves.csproj", "{7D85F6FA-EBB6-4AA7-9326-F200578EB121}"
EndProject
Project("{9A19103F-16F7-4668-BE54-9A1E7A4F7556}") = "ParametricCurvesTest", "ParametricCurvesTest\ParametricCurvesTest.csproj", "{99442623-E30D-45EE-A7FB-196DB72DB785}"
EndProject
Global
	GlobalSection(SolutionConfigurationPlatforms) = preSolution
		Debug|Any CPU = Debug|Any CPU
		Release|Any CPU = Release|Any CPU
	EndGlobalSection
	GlobalSection(ProjectConfigurationPlatforms) = postSolution
		{7D85F6FA-EBB6-4AA7-9326-F200578EB121}.Debug|Any CPU.ActiveCfg = Debug|Any CPU
		{7D85F6FA-EBB6-4AA7-9326-F200578EB121}.Debug|Any CPU.Build.0 = Debug|Any CPU
		{7D85F6FA-EBB6-4AA7-9326-F200578EB121}.Release|Any CPU.ActiveCfg = Release|Any CPU
		{7D85F6FA-EBB6-4AA7-9326-F200578EB121}.Release|Any CPU.Build.0 = Release|Any CPU
		{99442623-E30D-45EE-A7FB-196DB72DB785}.Debug|Any CPU.ActiveCfg = Debug|Any CPU
		{99442623-E30D-45EE-A7FB-196DB72DB785}.Debug|Any CPU.Build.0 = Debug|Any CPU
		{99442623-E30D-45EE-A7FB-196DB72DB785}.Release|Any CPU.ActiveCfg = Release|Any CPU
		{99442623-E30D-45EE-A7FB-196DB72DB785}.Release|Any CPU.Build.0 = Release|Any CPU
	EndGlobalSection
	GlobalSection(SolutionProperties) = preSolution
		HideSolutionNode = FALSE
	EndGlobalSection
	GlobalSection(ExtensibilityGlobals) = postSolution
		SolutionGuid = {4D79A909-8574-4FD1-B858-072F191E86CB}
	EndGlobalSection
EndGlobal
